
Microsoft Visual Studio Solution File, Format Version 12.00
# Visual Studio Version 17
VisualStudioVersion = 17.10.35027.167
MinimumVisualStudioVersion = 10.0.40219.1
Project("{FAE04EC0-301F-11D3-BF4B-00C04F79EFBC}") = "De24305", "De24305\De24305.csproj", "{0EE34D2D-DF87-4B78-9AD6-FA149657ADCE}"
EndProject
Project("{FAE04EC0-301F-11D3-BF4B-00C04F79EFBC}") = "WeatherApp", "WeatherApp\WeatherApp.csproj", "{E101776B-127C-494D-8A5F-787E6B511324}"
EndProject
Global
	GlobalSection(SolutionConfigurationPlatforms) = preSolution
		Debug|Any CPU = Debug|Any CPU
		Release|Any CPU = Release|Any CPU
	EndGlobalSection
	GlobalSection(ProjectConfigurationPlatforms) = postSolution
		{0EE34D2D-DF87-4B78-9AD6-FA149657ADCE}.Debug|Any CPU.ActiveCfg = Debug|Any CPU
		{0EE34D2D-DF87-4B78-9AD6-FA149657ADCE}.Debug|Any CPU.Build.0 = Debug|Any CPU
		{0EE34D2D-DF87-4B78-9AD6-FA149657ADCE}.Release|Any CPU.ActiveCfg = Release|Any CPU
		{0EE34D2D-DF87-4B78-9AD6-FA149657ADCE}.Release|Any CPU.Build.0 = Release|Any CPU
		{E101776B-127C-494D-8A5F-787E6B511324}.Debug|Any CPU.ActiveCfg = Debug|Any CPU
		{E101776B-127C-494D-8A5F-787E6B511324}.Debug|Any CPU.Build.0 = Debug|Any CPU
		{E101776B-127C-494D-8A5F-787E6B511324}.Release|Any CPU.ActiveCfg = Release|Any CPU
		{E101776B-127C-494D-8A5F-787E6B511324}.Release|Any CPU.Build.0 = Release|Any CPU
	EndGlobalSection
	GlobalSection(SolutionProperties) = preSolution
		HideSolutionNode = FALSE
	EndGlobalSection
	GlobalSection(ExtensibilityGlobals) = postSolution
		SolutionGuid = {B8F3D120-FA26-4790-B72A-D015B3015E1A}
	EndGlobalSection
EndGlobal
