
Microsoft Visual Studio Solution File, Format Version 12.00
# Visual Studio Version 17
VisualStudioVersion = 17.10.35027.167
MinimumVisualStudioVersion = 10.0.40219.1
Project("{FAE04EC0-301F-11D3-BF4B-00C04F79EFBC}") = "exercise1", "exercise1\exercise1.csproj", "{0105F9E7-E482-48C7-9E1E-D85BB9086406}"
EndProject
Project("{FAE04EC0-301F-11D3-BF4B-00C04F79EFBC}") = "exercise2", "exercise2\exercise2.csproj", "{203227C8-459E-4514-83C8-16D7F7790378}"
EndProject
Global
	GlobalSection(SolutionConfigurationPlatforms) = preSolution
		Debug|Any CPU = Debug|Any CPU
		Release|Any CPU = Release|Any CPU
	EndGlobalSection
	GlobalSection(ProjectConfigurationPlatforms) = postSolution
		{0105F9E7-E482-48C7-9E1E-D85BB9086406}.Debug|Any CPU.ActiveCfg = Debug|Any CPU
		{0105F9E7-E482-48C7-9E1E-D85BB9086406}.Debug|Any CPU.Build.0 = Debug|Any CPU
		{0105F9E7-E482-48C7-9E1E-D85BB9086406}.Release|Any CPU.ActiveCfg = Release|Any CPU
		{0105F9E7-E482-48C7-9E1E-D85BB9086406}.Release|Any CPU.Build.0 = Release|Any CPU
		{203227C8-459E-4514-83C8-16D7F7790378}.Debug|Any CPU.ActiveCfg = Debug|Any CPU
		{203227C8-459E-4514-83C8-16D7F7790378}.Debug|Any CPU.Build.0 = Debug|Any CPU
		{203227C8-459E-4514-83C8-16D7F7790378}.Release|Any CPU.ActiveCfg = Release|Any CPU
		{203227C8-459E-4514-83C8-16D7F7790378}.Release|Any CPU.Build.0 = Release|Any CPU
	EndGlobalSection
	GlobalSection(SolutionProperties) = preSolution
		HideSolutionNode = FALSE
	EndGlobalSection
	GlobalSection(ExtensibilityGlobals) = postSolution
		SolutionGuid = {9A00AB1C-688C-4100-B728-5D8A760C9E6C}
	EndGlobalSection
EndGlobal
